// !$*UTF8*$!
{
	archiveVersion = 1;
	classes = {
	};
	objectVersion = 46;
	objects = {

/* Begin PBXBuildFile section */
		3F37F78E1C5BE719003E483C /* AppDelegate.swift in Sources */ = {isa = PBXBuildFile; fileRef = 3F37F78D1C5BE719003E483C /* AppDelegate.swift */; };
		3F37F7901C5BE719003E483C /* ViewController.swift in Sources */ = {isa = PBXBuildFile; fileRef = 3F37F78F1C5BE719003E483C /* ViewController.swift */; };
		3F37F7931C5BE719003E483C /* Main.storyboard in Resources */ = {isa = PBXBuildFile; fileRef = 3F37F7911C5BE719003E483C /* Main.storyboard */; };
		3F37F7951C5BE719003E483C /* Assets.xcassets in Resources */ = {isa = PBXBuildFile; fileRef = 3F37F7941C5BE719003E483C /* Assets.xcassets */; };
		3F37F7981C5BE719003E483C /* LaunchScreen.storyboard in Resources */ = {isa = PBXBuildFile; fileRef = 3F37F7961C5BE719003E483C /* LaunchScreen.storyboard */; };
		3F37F7A31C5BE719003E483C /* PracticaTests.swift in Sources */ = {isa = PBXBuildFile; fileRef = 3F37F7A21C5BE719003E483C /* PracticaTests.swift */; };
		3F37F7AE1C5BE719003E483C /* PracticaUITests.swift in Sources */ = {isa = PBXBuildFile; fileRef = 3F37F7AD1C5BE719003E483C /* PracticaUITests.swift */; };
		3F5367091C5DA26600B34892 /* Register.swift in Sources */ = {isa = PBXBuildFile; fileRef = 3F5367081C5DA26600B34892 /* Register.swift */; settings = {ASSET_TAGS = (); }; };
/* End PBXBuildFile section */

/* Begin PBXContainerItemProxy section */
		3F37F79F1C5BE719003E483C /* PBXContainerItemProxy */ = {
			isa = PBXContainerItemProxy;
			containerPortal = 3F37F7821C5BE719003E483C /* Project object */;
			proxyType = 1;
			remoteGlobalIDString = 3F37F7891C5BE719003E483C;
			remoteInfo = Practica;
		};
		3F37F7AA1C5BE719003E483C /* PBXContainerItemProxy */ = {
			isa = PBXContainerItemProxy;
			containerPortal = 3F37F7821C5BE719003E483C /* Project object */;
			proxyType = 1;
			remoteGlobalIDString = 3F37F7891C5BE719003E483C;
			remoteInfo = Practica;
		};
/* End PBXContainerItemProxy section */

/* Begin PBXFileReference section */
		3F37F78A1C5BE719003E483C /* Practica.app */ = {isa = PBXFileReference; explicitFileType = wrapper.application; includeInIndex = 0; path = Practica.app; sourceTree = BUILT_PRODUCTS_DIR; };
		3F37F78D1C5BE719003E483C /* AppDelegate.swift */ = {isa = PBXFileReference; lastKnownFileType = sourcecode.swift; path = AppDelegate.swift; sourceTree = "<group>"; };
		3F37F78F1C5BE719003E483C /* ViewController.swift */ = {isa = PBXFileReference; lastKnownFileType = sourcecode.swift; path = ViewController.swift; sourceTree = "<group>"; };
		3F37F7921C5BE719003E483C /* Base */ = {isa = PBXFileReference; lastKnownFileType = file.storyboard; name = Base; path = Base.lproj/Main.storyboard; sourceTree = "<group>"; };
		3F37F7941C5BE719003E483C /* Assets.xcassets */ = {isa = PBXFileReference; lastKnownFileType = folder.assetcatalog; path = Assets.xcassets; sourceTree = "<group>"; };
		3F37F7971C5BE719003E483C /* Base */ = {isa = PBXFileReference; lastKnownFileType = file.storyboard; name = Base; path = Base.lproj/LaunchScreen.storyboard; sourceTree = "<group>"; };
		3F37F7991C5BE719003E483C /* Info.plist */ = {isa = PBXFileReference; lastKnownFileType = text.plist.xml; path = Info.plist; sourceTree = "<group>"; };
		3F37F79E1C5BE719003E483C /* PracticaTests.xctest */ = {isa = PBXFileReference; explicitFileType = wrapper.cfbundle; includeInIndex = 0; path = PracticaTests.xctest; sourceTree = BUILT_PRODUCTS_DIR; };
		3F37F7A21C5BE719003E483C /* PracticaTests.swift */ = {isa = PBXFileReference; lastKnownFileType = sourcecode.swift; path = PracticaTests.swift; sourceTree = "<group>"; };
		3F37F7A41C5BE719003E483C /* Info.plist */ = {isa = PBXFileReference; lastKnownFileType = text.plist.xml; path = Info.plist; sourceTree = "<group>"; };
		3F37F7A91C5BE719003E483C /* PracticaUITests.xctest */ = {isa = PBXFileReference; explicitFileType = wrapper.cfbundle; includeInIndex = 0; path = PracticaUITests.xctest; sourceTree = BUILT_PRODUCTS_DIR; };
		3F37F7AD1C5BE719003E483C /* PracticaUITests.swift */ = {isa = PBXFileReference; lastKnownFileType = sourcecode.swift; path = PracticaUITests.swift; sourceTree = "<group>"; };
		3F37F7AF1C5BE719003E483C /* Info.plist */ = {isa = PBXFileReference; lastKnownFileType = text.plist.xml; path = Info.plist; sourceTree = "<group>"; };
		3F5367081C5DA26600B34892 /* Register.swift */ = {isa = PBXFileReference; fileEncoding = 4; lastKnownFileType = sourcecode.swift; path = Register.swift; sourceTree = "<group>"; };
/* End PBXFileReference section */

/* Begin PBXFrameworksBuildPhase section */
		3F37F7871C5BE719003E483C /* Frameworks */ = {
			isa = PBXFrameworksBuildPhase;
			buildActionMask = 2147483647;
			files = (
			);
			runOnlyForDeploymentPostprocessing = 0;
		};
		3F37F79B1C5BE719003E483C /* Frameworks */ = {
			isa = PBXFrameworksBuildPhase;
			buildActionMask = 2147483647;
			files = (
			);
			runOnlyForDeploymentPostprocessing = 0;
		};
		3F37F7A61C5BE719003E483C /* Frameworks */ = {
			isa = PBXFrameworksBuildPhase;
			buildActionMask = 2147483647;
			files = (
			);
			runOnlyForDeploymentPostprocessing = 0;
		};
/* End PBXFrameworksBuildPhase section */

/* Begin PBXGroup section */
		3F37F7811C5BE719003E483C = {
			isa = PBXGroup;
			children = (
				3F37F78C1C5BE719003E483C /* Practica */,
				3F37F7A11C5BE719003E483C /* PracticaTests */,
				3F37F7AC1C5BE719003E483C /* PracticaUITests */,
				3F37F78B1C5BE719003E483C /* Products */,
			);
			sourceTree = "<group>";
		};
		3F37F78B1C5BE719003E483C /* Products */ = {
			isa = PBXGroup;
			children = (
				3F37F78A1C5BE719003E483C /* Practica.app */,
				3F37F79E1C5BE719003E483C /* PracticaTests.xctest */,
				3F37F7A91C5BE719003E483C /* PracticaUITests.xctest */,
			);
			name = Products;
			sourceTree = "<group>";
		};
		3F37F78C1C5BE719003E483C /* Practica */ = {
			isa = PBXGroup;
			children = (
				3F37F78D1C5BE719003E483C /* AppDelegate.swift */,
				3F37F78F1C5BE719003E483C /* ViewController.swift */,
				3F37F7911C5BE719003E483C /* Main.storyboard */,
				3F5367081C5DA26600B34892 /* Register.swift */,
				3F37F7941C5BE719003E483C /* Assets.xcassets */,
				3F37F7961C5BE719003E483C /* LaunchScreen.storyboard */,
				3F37F7991C5BE719003E483C /* Info.plist */,
			);
			path = Practica;
			sourceTree = "<group>";
		};
		3F37F7A11C5BE719003E483C /* PracticaTests */ = {
			isa = PBXGroup;
			children = (
				3F37F7A21C5BE719003E483C /* PracticaTests.swift */,
				3F37F7A41C5BE719003E483C /* Info.plist */,
			);
			path = PracticaTests;
			sourceTree = "<group>";
		};
		3F37F7AC1C5BE719003E483C /* PracticaUITests */ = {
			isa = PBXGroup;
			children = (
				3F37F7AD1C5BE719003E483C /* PracticaUITests.swift */,
				3F37F7AF1C5BE719003E483C /* Info.plist */,
			);
			path = PracticaUITests;
			sourceTree = "<group>";
		};
/* End PBXGroup section */

/* Begin PBXNativeTarget section */
		3F37F7891C5BE719003E483C /* Practica */ = {
			isa = PBXNativeTarget;
			buildConfigurationList = 3F37F7B21C5BE719003E483C /* Build configuration list for PBXNativeTarget "Practica" */;
			buildPhases = (
				3F37F7861C5BE719003E483C /* Sources */,
				3F37F7871C5BE719003E483C /* Frameworks */,
				3F37F7881C5BE719003E483C /* Resources */,
			);
			buildRules = (
			);
			dependencies = (
			);
			name = Practica;
			productName = Practica;
			productReference = 3F37F78A1C5BE719003E483C /* Practica.app */;
			productType = "com.apple.product-type.application";
		};
		3F37F79D1C5BE719003E483C /* PracticaTests */ = {
			isa = PBXNativeTarget;
			buildConfigurationList = 3F37F7B51C5BE719003E483C /* Build configuration list for PBXNativeTarget "PracticaTests" */;
			buildPhases = (
				3F37F79A1C5BE719003E483C /* Sources */,
				3F37F79B1C5BE719003E483C /* Frameworks */,
				3F37F79C1C5BE719003E483C /* Resources */,
			);
			buildRules = (
			);
			dependencies = (
				3F37F7A01C5BE719003E483C /* PBXTargetDependency */,
			);
			name = PracticaTests;
			productName = PracticaTests;
			productReference = 3F37F79E1C5BE719003E483C /* PracticaTests.xctest */;
			productType = "com.apple.product-type.bundle.unit-test";
		};
		3F37F7A81C5BE719003E483C /* PracticaUITests */ = {
			isa = PBXNativeTarget;
			buildConfigurationList = 3F37F7B81C5BE719003E483C /* Build configuration list for PBXNativeTarget "PracticaUITests" */;
			buildPhases = (
				3F37F7A51C5BE719003E483C /* Sources */,
				3F37F7A61C5BE719003E483C /* Frameworks */,
				3F37F7A71C5BE719003E483C /* Resources */,
			);
			buildRules = (
			);
			dependencies = (
				3F37F7AB1C5BE719003E483C /* PBXTargetDependency */,
			);
			name = PracticaUITests;
			productName = PracticaUITests;
			productReference = 3F37F7A91C5BE719003E483C /* PracticaUITests.xctest */;
			productType = "com.apple.product-type.bundle.ui-testing";
		};
/* End PBXNativeTarget section */

/* Begin PBXProject section */
		3F37F7821C5BE719003E483C /* Project object */ = {
			isa = PBXProject;
			attributes = {
				LastUpgradeCheck = 0700;
				ORGANIZATIONNAME = "agustin soto";
				TargetAttributes = {
					3F37F7891C5BE719003E483C = {
						CreatedOnToolsVersion = 7.0.1;
					};
					3F37F79D1C5BE719003E483C = {
						CreatedOnToolsVersion = 7.0.1;
						TestTargetID = 3F37F7891C5BE719003E483C;
					};
					3F37F7A81C5BE719003E483C = {
						CreatedOnToolsVersion = 7.0.1;
						TestTargetID = 3F37F7891C5BE719003E483C;
					};
				};
			};
			buildConfigurationList = 3F37F7851C5BE719003E483C /* Build configuration list for PBXProject "Practica" */;
			compatibilityVersion = "Xcode 3.2";
			developmentRegion = English;
			hasScannedForEncodings = 0;
			knownRegions = (
				en,
				Base,
			);
			mainGroup = 3F37F7811C5BE719003E483C;
			productRefGroup = 3F37F78B1C5BE719003E483C /* Products */;
			projectDirPath = "";
			projectRoot = "";
			targets = (
				3F37F7891C5BE719003E483C /* Practica */,
				3F37F79D1C5BE719003E483C /* PracticaTests */,
				3F37F7A81C5BE719003E483C /* PracticaUITests */,
			);
		};
/* End PBXProject section */

/* Begin PBXResourcesBuildPhase section */
		3F37F7881C5BE719003E483C /* Resources */ = {
			isa = PBXResourcesBuildPhase;
			buildActionMask = 2147483647;
			files = (
				3F37F7981C5BE719003E483C /* LaunchScreen.storyboard in Resources */,
				3F37F7951C5BE719003E483C /* Assets.xcassets in Resources */,
				3F37F7931C5BE719003E483C /* Main.storyboard in Resources */,
			);
			runOnlyForDeploymentPostprocessing = 0;
		};
		3F37F79C1C5BE719003E483C /* Resources */ = {
			isa = PBXResourcesBuildPhase;
			buildActionMask = 2147483647;
			files = (
			);
			runOnlyForDeploymentPostprocessing = 0;
		};
		3F37F7A71C5BE719003E483C /* Resources */ = {
			isa = PBXResourcesBuildPhase;
			buildActionMask = 2147483647;
			files = (
			);
			runOnlyForDeploymentPostprocessing = 0;
		};
/* End PBXResourcesBuildPhase section */

/* Begin PBXSourcesBuildPhase section */
		3F37F7861C5BE719003E483C /* Sources */ = {
			isa = PBXSourcesBuildPhase;
			buildActionMask = 2147483647;
			files = (
				3F5367091C5DA26600B34892 /* Register.swift in Sources */,
				3F37F7901C5BE719003E483C /* ViewController.swift in Sources */,
				3F37F78E1C5BE719003E483C /* AppDelegate.swift in Sources */,
			);
			runOnlyForDeploymentPostprocessing = 0;
		};
		3F37F79A1C5BE719003E483C /* Sources */ = {
			isa = PBXSourcesBuildPhase;
			buildActionMask = 2147483647;
			files = (
				3F37F7A31C5BE719003E483C /* PracticaTests.swift in Sources */,
			);
			runOnlyForDeploymentPostprocessing = 0;
		};
		3F37F7A51C5BE719003E483C /* Sources */ = {
			isa = PBXSourcesBuildPhase;
			buildActionMask = 2147483647;
			files = (
				3F37F7AE1C5BE719003E483C /* PracticaUITests.swift in Sources */,
			);
			runOnlyForDeploymentPostprocessing = 0;
		};
/* End PBXSourcesBuildPhase section */

/* Begin PBXTargetDependency section */
		3F37F7A01C5BE719003E483C /* PBXTargetDependency */ = {
			isa = PBXTargetDependency;
			target = 3F37F7891C5BE719003E483C /* Practica */;
			targetProxy = 3F37F79F1C5BE719003E483C /* PBXContainerItemProxy */;
		};
		3F37F7AB1C5BE719003E483C /* PBXTargetDependency */ = {
			isa = PBXTargetDependency;
			target = 3F37F7891C5BE719003E483C /* Practica */;
			targetProxy = 3F37F7AA1C5BE719003E483C /* PBXContainerItemProxy */;
		};
/* End PBXTargetDependency section */

/* Begin PBXVariantGroup section */
		3F37F7911C5BE719003E483C /* Main.storyboard */ = {
			isa = PBXVariantGroup;
			children = (
				3F37F7921C5BE719003E483C /* Base */,
			);
			name = Main.storyboard;
			sourceTree = "<group>";
		};
		3F37F7961C5BE719003E483C /* LaunchScreen.storyboard */ = {
			isa = PBXVariantGroup;
			children = (
				3F37F7971C5BE719003E483C /* Base */,
			);
			name = LaunchScreen.storyboard;
			sourceTree = "<group>";
		};
/* End PBXVariantGroup section */

/* Begin XCBuildConfiguration section */
		3F37F7B01C5BE719003E483C /* Debug */ = {
			isa = XCBuildConfiguration;
			buildSettings = {
				ALWAYS_SEARCH_USER_PATHS = NO;
				CLANG_CXX_LANGUAGE_STANDARD = "gnu++0x";
				CLANG_CXX_LIBRARY = "libc++";
				CLANG_ENABLE_MODULES = YES;
				CLANG_ENABLE_OBJC_ARC = YES;
				CLANG_WARN_BOOL_CONVERSION = YES;
				CLANG_WARN_CONSTANT_CONVERSION = YES;
				CLANG_WARN_DIRECT_OBJC_ISA_USAGE = YES_ERROR;
				CLANG_WARN_EMPTY_BODY = YES;
				CLANG_WARN_ENUM_CONVERSION = YES;
				CLANG_WARN_INT_CONVERSION = YES;
				CLANG_WARN_OBJC_ROOT_CLASS = YES_ERROR;
				CLANG_WARN_UNREACHABLE_CODE = YES;
				CLANG_WARN__DUPLICATE_METHOD_MATCH = YES;
				"CODE_SIGN_IDENTITY[sdk=iphoneos*]" = "iPhone Developer";
				COPY_PHASE_STRIP = NO;
				DEBUG_INFORMATION_FORMAT = dwarf;
				ENABLE_STRICT_OBJC_MSGSEND = YES;
				ENABLE_TESTABILITY = YES;
				GCC_C_LANGUAGE_STANDARD = gnu99;
				GCC_DYNAMIC_NO_PIC = NO;
				GCC_NO_COMMON_BLOCKS = YES;
				GCC_OPTIMIZATION_LEVEL = 0;
				GCC_PREPROCESSOR_DEFINITIONS = (
					"DEBUG=1",
					"$(inherited)",
				);
				GCC_WARN_64_TO_32_BIT_CONVERSION = YES;
				GCC_WARN_ABOUT_RETURN_TYPE = YES_ERROR;
				GCC_WARN_UNDECLARED_SELECTOR = YES;
				GCC_WARN_UNINITIALIZED_AUTOS = YES_AGGRESSIVE;
				GCC_WARN_UNUSED_FUNCTION = YES;
				GCC_WARN_UNUSED_VARIABLE = YES;
				IPHONEOS_DEPLOYMENT_TARGET = 9.0;
				MTL_ENABLE_DEBUG_INFO = YES;
				ONLY_ACTIVE_ARCH = YES;
				SDKROOT = iphoneos;
				SWIFT_OPTIMIZATION_LEVEL = "-Onone";
				TARGETED_DEVICE_FAMILY = "1,2";
			};
			name = Debug;
		};
		3F37F7B11C5BE719003E483C /* Release */ = {
			isa = XCBuildConfiguration;
			buildSettings = {
				ALWAYS_SEARCH_USER_PATHS = NO;
				CLANG_CXX_LANGUAGE_STANDARD = "gnu++0x";
				CLANG_CXX_LIBRARY = "libc++";
				CLANG_ENABLE_MODULES = YES;
				CLANG_ENABLE_OBJC_ARC = YES;
				CLANG_WARN_BOOL_CONVERSION = YES;
				CLANG_WARN_CONSTANT_CONVERSION = YES;
				CLANG_WARN_DIRECT_OBJC_ISA_USAGE = YES_ERROR;
				CLANG_WARN_EMPTY_BODY = YES;
				CLANG_WARN_ENUM_CONVERSION = YES;
				CLANG_WARN_INT_CONVERSION = YES;
				CLANG_WARN_OBJC_ROOT_CLASS = YES_ERROR;
				CLANG_WARN_UNREACHABLE_CODE = YES;
				CLANG_WARN__DUPLICATE_METHOD_MATCH = YES;
				"CODE_SIGN_IDENTITY[sdk=iphoneos*]" = "iPhone Developer";
				COPY_PHASE_STRIP = NO;
				DEBUG_INFORMATION_FORMAT = "dwarf-with-dsym";
				ENABLE_NS_ASSERTIONS = NO;
				ENABLE_STRICT_OBJC_MSGSEND = YES;
				GCC_C_LANGUAGE_STANDARD = gnu99;
				GCC_NO_COMMON_BLOCKS = YES;
				GCC_WARN_64_TO_32_BIT_CONVERSION = YES;
				GCC_WARN_ABOUT_RETURN_TYPE = YES_ERROR;
				GCC_WARN_UNDECLARED_SELECTOR = YES;
				GCC_WARN_UNINITIALIZED_AUTOS = YES_AGGRESSIVE;
				GCC_WARN_UNUSED_FUNCTION = YES;
				GCC_WARN_UNUSED_VARIABLE = YES;
				IPHONEOS_DEPLOYMENT_TARGET = 9.0;
				MTL_ENABLE_DEBUG_INFO = NO;
				SDKROOT = iphoneos;
				TARGETED_DEVICE_FAMILY = "1,2";
				VALIDATE_PRODUCT = YES;
			};
			name = Release;
		};
		3F37F7B31C5BE719003E483C /* Debug */ = {
			isa = XCBuildConfiguration;
			buildSettings = {
				ASSETCATALOG_COMPILER_APPICON_NAME = AppIcon;
				INFOPLIST_FILE = Practica/Info.plist;
				IPHONEOS_DEPLOYMENT_TARGET = 8.4;
				LD_RUNPATH_SEARCH_PATHS = "$(inherited) @executable_path/Frameworks";
				PRODUCT_BUNDLE_IDENTIFIER = RedPanda.Practica;
				PRODUCT_NAME = "$(TARGET_NAME)";
				TARGETED_DEVICE_FAMILY = 1;
			};
			name = Debug;
		};
		3F37F7B41C5BE719003E483C /* Release */ = {
			isa = XCBuildConfiguration;
			buildSettings = {
				ASSETCATALOG_COMPILER_APPICON_NAME = AppIcon;
				INFOPLIST_FILE = Practica/Info.plist;
				IPHONEOS_DEPLOYMENT_TARGET = 8.4;
				LD_RUNPATH_SEARCH_PATHS = "$(inherited) @executable_path/Frameworks";
				PRODUCT_BUNDLE_IDENTIFIER = RedPanda.Practica;
				PRODUCT_NAME = "$(TARGET_NAME)";
				TARGETED_DEVICE_FAMILY = 1;
			};
			name = Release;
		};
		3F37F7B61C5BE719003E483C /* Debug */ = {
			isa = XCBuildConfiguration;
			buildSettings = {
				BUNDLE_LOADER = "$(TEST_HOST)";
				INFOPLIST_FILE = PracticaTests/Info.plist;
				LD_RUNPATH_SEARCH_PATHS = "$(inherited) @executable_path/Frameworks @loader_path/Frameworks";
				PRODUCT_BUNDLE_IDENTIFIER = RedPanda.PracticaTests;
				PRODUCT_NAME = "$(TARGET_NAME)";
				TEST_HOST = "$(BUILT_PRODUCTS_DIR)/Practica.app/Practica";
			};
			name = Debug;
		};
		3F37F7B71C5BE719003E483C /* Release */ = {
			isa = XCBuildConfiguration;
			buildSettings = {
				BUNDLE_LOADER = "$(TEST_HOST)";
				INFOPLIST_FILE = PracticaTests/Info.plist;
				LD_RUNPATH_SEARCH_PATHS = "$(inherited) @executable_path/Frameworks @loader_path/Frameworks";
				PRODUCT_BUNDLE_IDENTIFIER = RedPanda.PracticaTests;
				PRODUCT_NAME = "$(TARGET_NAME)";
				TEST_HOST = "$(BUILT_PRODUCTS_DIR)/Practica.app/Practica";
			};
			name = Release;
		};
		3F37F7B91C5BE719003E483C /* Debug */ = {
			isa = XCBuildConfiguration;
			buildSettings = {
				INFOPLIST_FILE = PracticaUITests/Info.plist;
				LD_RUNPATH_SEARCH_PATHS = "$(inherited) @executable_path/Frameworks @loader_path/Frameworks";
				PRODUCT_BUNDLE_IDENTIFIER = RedPanda.PracticaUITests;
				PRODUCT_NAME = "$(TARGET_NAME)";
				TEST_TARGET_NAME = Practica;
				USES_XCTRUNNER = YES;
			};
			name = Debug;
		};
		3F37F7BA1C5BE719003E483C /* Release */ = {
			isa = XCBuildConfiguration;
			buildSettings = {
				INFOPLIST_FILE = PracticaUITests/Info.plist;
				LD_RUNPATH_SEARCH_PATHS = "$(inherited) @executable_path/Frameworks @loader_path/Frameworks";
				PRODUCT_BUNDLE_IDENTIFIER = RedPanda.PracticaUITests;
				PRODUCT_NAME = "$(TARGET_NAME)";
				TEST_TARGET_NAME = Practica;
				USES_XCTRUNNER = YES;
			};
			name = Release;
		};
/* End XCBuildConfiguration section */

/* Begin XCConfigurationList section */
		3F37F7851C5BE719003E483C /* Build configuration list for PBXProject "Practica" */ = {
			isa = XCConfigurationList;
			buildConfigurations = (
				3F37F7B01C5BE719003E483C /* Debug */,
				3F37F7B11C5BE719003E483C /* Release */,
			);
			defaultConfigurationIsVisible = 0;
			defaultConfigurationName = Release;
		};
		3F37F7B21C5BE719003E483C /* Build configuration list for PBXNativeTarget "Practica" */ = {
			isa = XCConfigurationList;
			buildConfigurations = (
				3F37F7B31C5BE719003E483C /* Debug */,
				3F37F7B41C5BE719003E483C /* Release */,
			);
			defaultConfigurationIsVisible = 0;
			defaultConfigurationName = Release;
		};
		3F37F7B51C5BE719003E483C /* Build configuration list for PBXNativeTarget "PracticaTests" */ = {
			isa = XCConfigurationList;
			buildConfigurations = (
				3F37F7B61C5BE719003E483C /* Debug */,
				3F37F7B71C5BE719003E483C /* Release */,
			);
			defaultConfigurationIsVisible = 0;
			defaultConfigurationName = Release;
		};
		3F37F7B81C5BE719003E483C /* Build configuration list for PBXNativeTarget "PracticaUITests" */ = {
			isa = XCConfigurationList;
			buildConfigurations = (
				3F37F7B91C5BE719003E483C /* Debug */,
				3F37F7BA1C5BE719003E483C /* Release */,
			);
			defaultConfigurationIsVisible = 0;
			defaultConfigurationName = Release;
		};
/* End XCConfigurationList section */
	};
	rootObject = 3F37F7821C5BE719003E483C /* Project object */;
}
